
Microsoft Visual Studio Solution File, Format Version 12.00
# Visual Studio Version 16
VisualStudioVersion = 16.0.28803.452
MinimumVisualStudioVersion = 10.0.40219.1
Project("{FAE04EC0-301F-11D3-BF4B-00C04F79EFBC}") = "Avisformation.WebUi", "Avisformation.WebUi\Avisformation.WebUi.csproj", "{A0A4363A-B851-4FC3-88DB-A8E31712AD8E}"
EndProject
Project("{FAE04EC0-301F-11D3-BF4B-00C04F79EFBC}") = "Avisformation.Logique", "Avisformation.Logique\Avisformation.Logique.csproj", "{7DD526E2-9D85-44BD-9853-BE6AAED582C5}"
EndProject
Project("{FAE04EC0-301F-11D3-BF4B-00C04F79EFBC}") = "Avisformation.Data", "Avisformation.Data\Avisformation.Data.csproj", "{293D3EC1-653F-4C8B-84CD-69AC14C0F64C}"
EndProject
Global
	GlobalSection(SolutionConfigurationPlatforms) = preSolution
		Debug|Any CPU = Debug|Any CPU
		Release|Any CPU = Release|Any CPU
	EndGlobalSection
	GlobalSection(ProjectConfigurationPlatforms) = postSolution
		{A0A4363A-B851-4FC3-88DB-A8E31712AD8E}.Debug|Any CPU.ActiveCfg = Debug|Any CPU
		{A0A4363A-B851-4FC3-88DB-A8E31712AD8E}.Debug|Any CPU.Build.0 = Debug|Any CPU
		{A0A4363A-B851-4FC3-88DB-A8E31712AD8E}.Release|Any CPU.ActiveCfg = Release|Any CPU
		{A0A4363A-B851-4FC3-88DB-A8E31712AD8E}.Release|Any CPU.Build.0 = Release|Any CPU
		{7DD526E2-9D85-44BD-9853-BE6AAED582C5}.Debug|Any CPU.ActiveCfg = Debug|Any CPU
		{7DD526E2-9D85-44BD-9853-BE6AAED582C5}.Debug|Any CPU.Build.0 = Debug|Any CPU
		{7DD526E2-9D85-44BD-9853-BE6AAED582C5}.Release|Any CPU.ActiveCfg = Release|Any CPU
		{7DD526E2-9D85-44BD-9853-BE6AAED582C5}.Release|Any CPU.Build.0 = Release|Any CPU
		{293D3EC1-653F-4C8B-84CD-69AC14C0F64C}.Debug|Any CPU.ActiveCfg = Debug|Any CPU
		{293D3EC1-653F-4C8B-84CD-69AC14C0F64C}.Debug|Any CPU.Build.0 = Debug|Any CPU
		{293D3EC1-653F-4C8B-84CD-69AC14C0F64C}.Release|Any CPU.ActiveCfg = Release|Any CPU
		{293D3EC1-653F-4C8B-84CD-69AC14C0F64C}.Release|Any CPU.Build.0 = Release|Any CPU
	EndGlobalSection
	GlobalSection(SolutionProperties) = preSolution
		HideSolutionNode = FALSE
	EndGlobalSection
	GlobalSection(ExtensibilityGlobals) = postSolution
		SolutionGuid = {6BA3B958-98E0-484F-9A47-5495CA3FD1D7}
	EndGlobalSection
EndGlobal
